
Microsoft Visual Studio Solution File, Format Version 12.00
# Visual Studio Version 16
VisualStudioVersion = 16.0.29424.173
MinimumVisualStudioVersion = 10.0.40219.1
Project("{9092AA53-FB77-4645-B42D-1CCCA6BD08BD}") = "NodejsWebApp1", "NodejsWebApp1.njsproj", "{1021C1D0-8842-4341-A18B-81968F64E0B3}"
EndProject
Global
	GlobalSection(SolutionConfigurationPlatforms) = preSolution
		Debug|Any CPU = Debug|Any CPU
		Release|Any CPU = Release|Any CPU
	EndGlobalSection
	GlobalSection(ProjectConfigurationPlatforms) = postSolution
		{1021C1D0-8842-4341-A18B-81968F64E0B3}.Debug|Any CPU.ActiveCfg = Debug|Any CPU
		{1021C1D0-8842-4341-A18B-81968F64E0B3}.Debug|Any CPU.Build.0 = Debug|Any CPU
		{1021C1D0-8842-4341-A18B-81968F64E0B3}.Release|Any CPU.ActiveCfg = Release|Any CPU
		{1021C1D0-8842-4341-A18B-81968F64E0B3}.Release|Any CPU.Build.0 = Release|Any CPU
	EndGlobalSection
	GlobalSection(SolutionProperties) = preSolution
		HideSolutionNode = FALSE
	EndGlobalSection
	GlobalSection(ExtensibilityGlobals) = postSolution
		SolutionGuid = {B2945FC3-832E-49AE-9079-9B3F9E402452}
	EndGlobalSection
EndGlobal
